
Microsoft Visual Studio Solution File, Format Version 12.00
# Visual Studio Version 16
VisualStudioVersion = 16.0.31729.503
MinimumVisualStudioVersion = 10.0.40219.1
Project("{FAE04EC0-301F-11D3-BF4B-00C04F79EFBC}") = "WebApplication5", "WebApplication5\WebApplication5.csproj", "{646023D8-6A96-49AF-94CA-EE8A1783C90F}"
EndProject
Global
	GlobalSection(SolutionConfigurationPlatforms) = preSolution
		Debug|Any CPU = Debug|Any CPU
		Release|Any CPU = Release|Any CPU
	EndGlobalSection
	GlobalSection(ProjectConfigurationPlatforms) = postSolution
		{646023D8-6A96-49AF-94CA-EE8A1783C90F}.Debug|Any CPU.ActiveCfg = Debug|Any CPU
		{646023D8-6A96-49AF-94CA-EE8A1783C90F}.Debug|Any CPU.Build.0 = Debug|Any CPU
		{646023D8-6A96-49AF-94CA-EE8A1783C90F}.Release|Any CPU.ActiveCfg = Release|Any CPU
		{646023D8-6A96-49AF-94CA-EE8A1783C90F}.Release|Any CPU.Build.0 = Release|Any CPU
	EndGlobalSection
	GlobalSection(SolutionProperties) = preSolution
		HideSolutionNode = FALSE
	EndGlobalSection
	GlobalSection(ExtensibilityGlobals) = postSolution
		SolutionGuid = {F279019D-02E7-49EE-8083-8FD260C3EE0C}
	EndGlobalSection
EndGlobal
